
Microsoft Visual Studio Solution File, Format Version 12.00
# Visual Studio Version 17
VisualStudioVersion = 17.0.31912.275
MinimumVisualStudioVersion = 10.0.40219.1
Project("{9A19103F-16F7-4668-BE54-9A1E7A4F7556}") = "BarcodeGenerator", "BarcodeGenerator\BarcodeGenerator.csproj", "{34B59284-F8D2-4DDD-AE14-EDC19DA53CFF}"
EndProject
Project("{FAE04EC0-301F-11D3-BF4B-00C04F79EFBC}") = "BarcodeGeneratorBackend", "BarcodeGeneratorBackend\BarcodeGeneratorBackend.csproj", "{0B82D759-9FF9-4954-8611-04AEB30ABFA6}"
EndProject
Global
	GlobalSection(SolutionConfigurationPlatforms) = preSolution
		Debug|Any CPU = Debug|Any CPU
		Release|Any CPU = Release|Any CPU
	EndGlobalSection
	GlobalSection(ProjectConfigurationPlatforms) = postSolution
		{34B59284-F8D2-4DDD-AE14-EDC19DA53CFF}.Debug|Any CPU.ActiveCfg = Debug|Any CPU
		{34B59284-F8D2-4DDD-AE14-EDC19DA53CFF}.Debug|Any CPU.Build.0 = Debug|Any CPU
		{34B59284-F8D2-4DDD-AE14-EDC19DA53CFF}.Release|Any CPU.ActiveCfg = Release|Any CPU
		{34B59284-F8D2-4DDD-AE14-EDC19DA53CFF}.Release|Any CPU.Build.0 = Release|Any CPU
		{0B82D759-9FF9-4954-8611-04AEB30ABFA6}.Debug|Any CPU.ActiveCfg = Debug|Any CPU
		{0B82D759-9FF9-4954-8611-04AEB30ABFA6}.Debug|Any CPU.Build.0 = Debug|Any CPU
		{0B82D759-9FF9-4954-8611-04AEB30ABFA6}.Release|Any CPU.ActiveCfg = Release|Any CPU
		{0B82D759-9FF9-4954-8611-04AEB30ABFA6}.Release|Any CPU.Build.0 = Release|Any CPU
	EndGlobalSection
	GlobalSection(SolutionProperties) = preSolution
		HideSolutionNode = FALSE
	EndGlobalSection
	GlobalSection(ExtensibilityGlobals) = postSolution
		SolutionGuid = {E00C1BC2-ECFB-45B5-8462-C8D81DCE9306}
	EndGlobalSection
EndGlobal
